
Microsoft Visual Studio Solution File, Format Version 12.00
# Visual Studio Version 16
VisualStudioVersion = 16.0.30114.105
MinimumVisualStudioVersion = 10.0.40219.1
Project("{2150E333-8FDC-42A3-9474-1A3956D46DE8}") = "src", "src", "{58918125-B12F-48B9-8904-BB320B18D01C}"
EndProject
Project("{2150E333-8FDC-42A3-9474-1A3956D46DE8}") = "00-Shared", "00-Shared", "{64863E02-34A5-4475-97D4-CEF5ED62C321}"
EndProject
Project("{9A19103F-16F7-4668-BE54-9A1E7A4F7556}") = "Todo.Core", "src\00-Shared\Todo.Core\Todo.Core.csproj", "{6EFCE0E3-C318-4955-AF6A-71E52DE1BF54}"
EndProject
Project("{2150E333-8FDC-42A3-9474-1A3956D46DE8}") = "01-Frontend", "01-Frontend", "{7AF8A274-F79D-46D8-9650-611D6F3FE316}"
EndProject
Project("{9A19103F-16F7-4668-BE54-9A1E7A4F7556}") = "Todo.Web", "src\01-Frontend\Todo.Web\Todo.Web.csproj", "{F02F3985-E7CC-4520-AF49-86B0216423D7}"
EndProject
Project("{2150E333-8FDC-42A3-9474-1A3956D46DE8}") = "02-Backend", "02-Backend", "{E25AB329-7A8C-4E1E-BE09-428B2BEEBED7}"
EndProject
Project("{9A19103F-16F7-4668-BE54-9A1E7A4F7556}") = "Todo.Api", "src\02-Backend\Todo.Api\Todo.Api.csproj", "{0439C80A-49F7-45E7-98E9-C0F5BBFAD5CD}"
EndProject
Project("{2150E333-8FDC-42A3-9474-1A3956D46DE8}") = "test", "test", "{FDA90499-AF8E-450A-8039-671A18FA33FE}"
EndProject
Project("{9A19103F-16F7-4668-BE54-9A1E7A4F7556}") = "Words.Grpc", "src\02-Backend\Words.Grpc\Words.Grpc.csproj", "{DF896E15-2DDB-4B40-B454-AF03DA1AC0DA}"
EndProject
Project("{FAE04EC0-301F-11D3-BF4B-00C04F79EFBC}") = "Todo.Core.Tests", "test\Todo.Core.Tests\Todo.Core.Tests.csproj", "{7BB5112B-AA77-4158-B579-2760EE14B173}"
EndProject
Global
	GlobalSection(SolutionConfigurationPlatforms) = preSolution
		Debug|Any CPU = Debug|Any CPU
		Debug|x64 = Debug|x64
		Debug|x86 = Debug|x86
		Release|Any CPU = Release|Any CPU
		Release|x64 = Release|x64
		Release|x86 = Release|x86
	EndGlobalSection
	GlobalSection(ProjectConfigurationPlatforms) = postSolution
		{6EFCE0E3-C318-4955-AF6A-71E52DE1BF54}.Debug|Any CPU.ActiveCfg = Debug|Any CPU
		{6EFCE0E3-C318-4955-AF6A-71E52DE1BF54}.Debug|Any CPU.Build.0 = Debug|Any CPU
		{6EFCE0E3-C318-4955-AF6A-71E52DE1BF54}.Debug|x64.ActiveCfg = Debug|Any CPU
		{6EFCE0E3-C318-4955-AF6A-71E52DE1BF54}.Debug|x64.Build.0 = Debug|Any CPU
		{6EFCE0E3-C318-4955-AF6A-71E52DE1BF54}.Debug|x86.ActiveCfg = Debug|Any CPU
		{6EFCE0E3-C318-4955-AF6A-71E52DE1BF54}.Debug|x86.Build.0 = Debug|Any CPU
		{6EFCE0E3-C318-4955-AF6A-71E52DE1BF54}.Release|Any CPU.ActiveCfg = Release|Any CPU
		{6EFCE0E3-C318-4955-AF6A-71E52DE1BF54}.Release|Any CPU.Build.0 = Release|Any CPU
		{6EFCE0E3-C318-4955-AF6A-71E52DE1BF54}.Release|x64.ActiveCfg = Release|Any CPU
		{6EFCE0E3-C318-4955-AF6A-71E52DE1BF54}.Release|x64.Build.0 = Release|Any CPU
		{6EFCE0E3-C318-4955-AF6A-71E52DE1BF54}.Release|x86.ActiveCfg = Release|Any CPU
		{6EFCE0E3-C318-4955-AF6A-71E52DE1BF54}.Release|x86.Build.0 = Release|Any CPU
		{F02F3985-E7CC-4520-AF49-86B0216423D7}.Debug|Any CPU.ActiveCfg = Debug|Any CPU
		{F02F3985-E7CC-4520-AF49-86B0216423D7}.Debug|Any CPU.Build.0 = Debug|Any CPU
		{F02F3985-E7CC-4520-AF49-86B0216423D7}.Debug|x64.ActiveCfg = Debug|Any CPU
		{F02F3985-E7CC-4520-AF49-86B0216423D7}.Debug|x64.Build.0 = Debug|Any CPU
		{F02F3985-E7CC-4520-AF49-86B0216423D7}.Debug|x86.ActiveCfg = Debug|Any CPU
		{F02F3985-E7CC-4520-AF49-86B0216423D7}.Debug|x86.Build.0 = Debug|Any CPU
		{F02F3985-E7CC-4520-AF49-86B0216423D7}.Release|Any CPU.ActiveCfg = Release|Any CPU
		{F02F3985-E7CC-4520-AF49-86B0216423D7}.Release|Any CPU.Build.0 = Release|Any CPU
		{F02F3985-E7CC-4520-AF49-86B0216423D7}.Release|x64.ActiveCfg = Release|Any CPU
		{F02F3985-E7CC-4520-AF49-86B0216423D7}.Release|x64.Build.0 = Release|Any CPU
		{F02F3985-E7CC-4520-AF49-86B0216423D7}.Release|x86.ActiveCfg = Release|Any CPU
		{F02F3985-E7CC-4520-AF49-86B0216423D7}.Release|x86.Build.0 = Release|Any CPU
		{0439C80A-49F7-45E7-98E9-C0F5BBFAD5CD}.Debug|Any CPU.ActiveCfg = Debug|Any CPU
		{0439C80A-49F7-45E7-98E9-C0F5BBFAD5CD}.Debug|Any CPU.Build.0 = Debug|Any CPU
		{0439C80A-49F7-45E7-98E9-C0F5BBFAD5CD}.Debug|x64.ActiveCfg = Debug|Any CPU
		{0439C80A-49F7-45E7-98E9-C0F5BBFAD5CD}.Debug|x64.Build.0 = Debug|Any CPU
		{0439C80A-49F7-45E7-98E9-C0F5BBFAD5CD}.Debug|x86.ActiveCfg = Debug|Any CPU
		{0439C80A-49F7-45E7-98E9-C0F5BBFAD5CD}.Debug|x86.Build.0 = Debug|Any CPU
		{0439C80A-49F7-45E7-98E9-C0F5BBFAD5CD}.Release|Any CPU.ActiveCfg = Release|Any CPU
		{0439C80A-49F7-45E7-98E9-C0F5BBFAD5CD}.Release|Any CPU.Build.0 = Release|Any CPU
		{0439C80A-49F7-45E7-98E9-C0F5BBFAD5CD}.Release|x64.ActiveCfg = Release|Any CPU
		{0439C80A-49F7-45E7-98E9-C0F5BBFAD5CD}.Release|x64.Build.0 = Release|Any CPU
		{0439C80A-49F7-45E7-98E9-C0F5BBFAD5CD}.Release|x86.ActiveCfg = Release|Any CPU
		{0439C80A-49F7-45E7-98E9-C0F5BBFAD5CD}.Release|x86.Build.0 = Release|Any CPU
		{DF896E15-2DDB-4B40-B454-AF03DA1AC0DA}.Debug|Any CPU.ActiveCfg = Debug|Any CPU
		{DF896E15-2DDB-4B40-B454-AF03DA1AC0DA}.Debug|Any CPU.Build.0 = Debug|Any CPU
		{DF896E15-2DDB-4B40-B454-AF03DA1AC0DA}.Debug|x64.ActiveCfg = Debug|Any CPU
		{DF896E15-2DDB-4B40-B454-AF03DA1AC0DA}.Debug|x64.Build.0 = Debug|Any CPU
		{DF896E15-2DDB-4B40-B454-AF03DA1AC0DA}.Debug|x86.ActiveCfg = Debug|Any CPU
		{DF896E15-2DDB-4B40-B454-AF03DA1AC0DA}.Debug|x86.Build.0 = Debug|Any CPU
		{DF896E15-2DDB-4B40-B454-AF03DA1AC0DA}.Release|Any CPU.ActiveCfg = Release|Any CPU
		{DF896E15-2DDB-4B40-B454-AF03DA1AC0DA}.Release|Any CPU.Build.0 = Release|Any CPU
		{DF896E15-2DDB-4B40-B454-AF03DA1AC0DA}.Release|x64.ActiveCfg = Release|Any CPU
		{DF896E15-2DDB-4B40-B454-AF03DA1AC0DA}.Release|x64.Build.0 = Release|Any CPU
		{DF896E15-2DDB-4B40-B454-AF03DA1AC0DA}.Release|x86.ActiveCfg = Release|Any CPU
		{DF896E15-2DDB-4B40-B454-AF03DA1AC0DA}.Release|x86.Build.0 = Release|Any CPU
		{7BB5112B-AA77-4158-B579-2760EE14B173}.Debug|Any CPU.ActiveCfg = Debug|Any CPU
		{7BB5112B-AA77-4158-B579-2760EE14B173}.Debug|Any CPU.Build.0 = Debug|Any CPU
		{7BB5112B-AA77-4158-B579-2760EE14B173}.Debug|x64.ActiveCfg = Debug|Any CPU
		{7BB5112B-AA77-4158-B579-2760EE14B173}.Debug|x64.Build.0 = Debug|Any CPU
		{7BB5112B-AA77-4158-B579-2760EE14B173}.Debug|x86.ActiveCfg = Debug|Any CPU
		{7BB5112B-AA77-4158-B579-2760EE14B173}.Debug|x86.Build.0 = Debug|Any CPU
		{7BB5112B-AA77-4158-B579-2760EE14B173}.Release|Any CPU.ActiveCfg = Release|Any CPU
		{7BB5112B-AA77-4158-B579-2760EE14B173}.Release|Any CPU.Build.0 = Release|Any CPU
		{7BB5112B-AA77-4158-B579-2760EE14B173}.Release|x64.ActiveCfg = Release|Any CPU
		{7BB5112B-AA77-4158-B579-2760EE14B173}.Release|x64.Build.0 = Release|Any CPU
		{7BB5112B-AA77-4158-B579-2760EE14B173}.Release|x86.ActiveCfg = Release|Any CPU
		{7BB5112B-AA77-4158-B579-2760EE14B173}.Release|x86.Build.0 = Release|Any CPU
	EndGlobalSection
	GlobalSection(SolutionProperties) = preSolution
		HideSolutionNode = FALSE
	EndGlobalSection
	GlobalSection(NestedProjects) = preSolution
		{64863E02-34A5-4475-97D4-CEF5ED62C321} = {58918125-B12F-48B9-8904-BB320B18D01C}
		{6EFCE0E3-C318-4955-AF6A-71E52DE1BF54} = {64863E02-34A5-4475-97D4-CEF5ED62C321}
		{7AF8A274-F79D-46D8-9650-611D6F3FE316} = {58918125-B12F-48B9-8904-BB320B18D01C}
		{F02F3985-E7CC-4520-AF49-86B0216423D7} = {7AF8A274-F79D-46D8-9650-611D6F3FE316}
		{E25AB329-7A8C-4E1E-BE09-428B2BEEBED7} = {58918125-B12F-48B9-8904-BB320B18D01C}
		{0439C80A-49F7-45E7-98E9-C0F5BBFAD5CD} = {E25AB329-7A8C-4E1E-BE09-428B2BEEBED7}
		{DF896E15-2DDB-4B40-B454-AF03DA1AC0DA} = {E25AB329-7A8C-4E1E-BE09-428B2BEEBED7}
		{7BB5112B-AA77-4158-B579-2760EE14B173} = {FDA90499-AF8E-450A-8039-671A18FA33FE}
	EndGlobalSection
	GlobalSection(ExtensibilityGlobals) = postSolution
		SolutionGuid = {231F87B6-7229-47C7-BBC9-1AEC0889F9F2}
	EndGlobalSection
EndGlobal
